
Microsoft Visual Studio Solution File, Format Version 12.00
# Visual Studio Version 17
VisualStudioVersion = 17.4.33205.214
MinimumVisualStudioVersion = 10.0.40219.1
Project("{FAE04EC0-301F-11D3-BF4B-00C04F79EFBC}") = "IncidentsAPI", "IncidentsAPI\IncidentsAPI.csproj", "{131B62E6-F13C-408A-B75C-302247106030}"
EndProject
Global
	GlobalSection(SolutionConfigurationPlatforms) = preSolution
		Debug|Any CPU = Debug|Any CPU
		Release|Any CPU = Release|Any CPU
	EndGlobalSection
	GlobalSection(ProjectConfigurationPlatforms) = postSolution
		{131B62E6-F13C-408A-B75C-302247106030}.Debug|Any CPU.ActiveCfg = Debug|Any CPU
		{131B62E6-F13C-408A-B75C-302247106030}.Debug|Any CPU.Build.0 = Debug|Any CPU
		{131B62E6-F13C-408A-B75C-302247106030}.Release|Any CPU.ActiveCfg = Release|Any CPU
		{131B62E6-F13C-408A-B75C-302247106030}.Release|Any CPU.Build.0 = Release|Any CPU
	EndGlobalSection
	GlobalSection(SolutionProperties) = preSolution
		HideSolutionNode = FALSE
	EndGlobalSection
	GlobalSection(ExtensibilityGlobals) = postSolution
		SolutionGuid = {7368C2C8-0AF6-44BE-89BD-760922BBE01A}
	EndGlobalSection
EndGlobal
